Microsoft Visual Studio Solution File, Format Version 12.00
# Visual Studio Version 17
VisualStudioVersion = 17.5.2.0
MinimumVisualStudioVersion = 10.0.40219.1
Project("{FAE04EC0-301F-11D3-BF4B-00C04F79EFBC}") = "ald_controls", "ald_controls.csproj", "{4C38638F-E909-287B-798F-8C7A631331DB}"
EndProject
Global
	GlobalSection(SolutionConfigurationPlatforms) = preSolution
		Debug|Any CPU = Debug|Any CPU
		Release|Any CPU = Release|Any CPU
	EndGlobalSection
	GlobalSection(ProjectConfigurationPlatforms) = postSolution
		{4C38638F-E909-287B-798F-8C7A631331DB}.Debug|Any CPU.ActiveCfg = Debug|Any CPU
		{4C38638F-E909-287B-798F-8C7A631331DB}.Debug|Any CPU.Build.0 = Debug|Any CPU
		{4C38638F-E909-287B-798F-8C7A631331DB}.Release|Any CPU.ActiveCfg = Release|Any CPU
		{4C38638F-E909-287B-798F-8C7A631331DB}.Release|Any CPU.Build.0 = Release|Any CPU
	EndGlobalSection
	GlobalSection(SolutionProperties) = preSolution
		HideSolutionNode = FALSE
	EndGlobalSection
	GlobalSection(ExtensibilityGlobals) = postSolution
		SolutionGuid = {5AACB7D3-8FC0-41A3-943F-9D65AEAE7714}
	EndGlobalSection
EndGlobal
